
Microsoft Visual Studio Solution File, Format Version 12.00
# Visual Studio Version 17
VisualStudioVersion = 17.6.33723.286
MinimumVisualStudioVersion = 10.0.40219.1
Project("{FAE04EC0-301F-11D3-BF4B-00C04F79EFBC}") = "ConsoleApp10-Homework (Student)", "ConsoleApp10-Homework (Student).csproj", "{0B6B86F5-A8AC-4473-9487-3FF703B58409}"
EndProject
Global
	GlobalSection(SolutionConfigurationPlatforms) = preSolution
		Debug|Any CPU = Debug|Any CPU
		Release|Any CPU = Release|Any CPU
	EndGlobalSection
	GlobalSection(ProjectConfigurationPlatforms) = postSolution
		{0B6B86F5-A8AC-4473-9487-3FF703B58409}.Debug|Any CPU.ActiveCfg = Debug|Any CPU
		{0B6B86F5-A8AC-4473-9487-3FF703B58409}.Debug|Any CPU.Build.0 = Debug|Any CPU
		{0B6B86F5-A8AC-4473-9487-3FF703B58409}.Release|Any CPU.ActiveCfg = Release|Any CPU
		{0B6B86F5-A8AC-4473-9487-3FF703B58409}.Release|Any CPU.Build.0 = Release|Any CPU
	EndGlobalSection
	GlobalSection(SolutionProperties) = preSolution
		HideSolutionNode = FALSE
	EndGlobalSection
	GlobalSection(ExtensibilityGlobals) = postSolution
		SolutionGuid = {6EB86E15-B3E3-47E8-B2C1-1A4DA4417043}
	EndGlobalSection
EndGlobal
